
Microsoft Visual Studio Solution File, Format Version 12.00
# Visual Studio Version 17
VisualStudioVersion = 17.3.32922.545
MinimumVisualStudioVersion = 10.0.40219.1
Project("{FAE04EC0-301F-11D3-BF4B-00C04F79EFBC}") = "GamePractice", "GamePractice\GamePractice.csproj", "{2F81E56C-3574-4E96-B60B-0DC1D2AD9CB1}"
EndProject
Global
	GlobalSection(SolutionConfigurationPlatforms) = preSolution
		Debug|Any CPU = Debug|Any CPU
		Release|Any CPU = Release|Any CPU
	EndGlobalSection
	GlobalSection(ProjectConfigurationPlatforms) = postSolution
		{2F81E56C-3574-4E96-B60B-0DC1D2AD9CB1}.Debug|Any CPU.ActiveCfg = Debug|Any CPU
		{2F81E56C-3574-4E96-B60B-0DC1D2AD9CB1}.Debug|Any CPU.Build.0 = Debug|Any CPU
		{2F81E56C-3574-4E96-B60B-0DC1D2AD9CB1}.Release|Any CPU.ActiveCfg = Release|Any CPU
		{2F81E56C-3574-4E96-B60B-0DC1D2AD9CB1}.Release|Any CPU.Build.0 = Release|Any CPU
	EndGlobalSection
	GlobalSection(SolutionProperties) = preSolution
		HideSolutionNode = FALSE
	EndGlobalSection
	GlobalSection(ExtensibilityGlobals) = postSolution
		SolutionGuid = {889C5D01-FE0F-4E1C-9516-5AD9839872C4}
	EndGlobalSection
EndGlobal
